
Microsoft Visual Studio Solution File, Format Version 12.00
# Visual Studio Version 17
VisualStudioVersion = 17.11.35327.3
MinimumVisualStudioVersion = 10.0.40219.1
Project("{FAE04EC0-301F-11D3-BF4B-00C04F79EFBC}") = "JanTaskTracker.Server", "JanTaskTracker.Server\JanTaskTracker.Server.csproj", "{6A3283EC-4FCF-42B5-99DA-3627B94CC0D6}"
EndProject
Project("{54A90642-561A-4BB1-A94E-469ADEE60C69}") = "jantasktracker.client", "jantasktracker.client\jantasktracker.client.esproj", "{9F61C57C-201C-4058-A705-8E67EF2EBF56}"
EndProject
Global
	GlobalSection(SolutionConfigurationPlatforms) = preSolution
		Debug|Any CPU = Debug|Any CPU
		Release|Any CPU = Release|Any CPU
	EndGlobalSection
	GlobalSection(ProjectConfigurationPlatforms) = postSolution
		{6A3283EC-4FCF-42B5-99DA-3627B94CC0D6}.Debug|Any CPU.ActiveCfg = Debug|Any CPU
		{6A3283EC-4FCF-42B5-99DA-3627B94CC0D6}.Debug|Any CPU.Build.0 = Debug|Any CPU
		{6A3283EC-4FCF-42B5-99DA-3627B94CC0D6}.Release|Any CPU.ActiveCfg = Release|Any CPU
		{6A3283EC-4FCF-42B5-99DA-3627B94CC0D6}.Release|Any CPU.Build.0 = Release|Any CPU
		{9F61C57C-201C-4058-A705-8E67EF2EBF56}.Debug|Any CPU.ActiveCfg = Debug|Any CPU
		{9F61C57C-201C-4058-A705-8E67EF2EBF56}.Debug|Any CPU.Build.0 = Debug|Any CPU
		{9F61C57C-201C-4058-A705-8E67EF2EBF56}.Debug|Any CPU.Deploy.0 = Debug|Any CPU
		{9F61C57C-201C-4058-A705-8E67EF2EBF56}.Release|Any CPU.ActiveCfg = Release|Any CPU
		{9F61C57C-201C-4058-A705-8E67EF2EBF56}.Release|Any CPU.Build.0 = Release|Any CPU
		{9F61C57C-201C-4058-A705-8E67EF2EBF56}.Release|Any CPU.Deploy.0 = Release|Any CPU
	EndGlobalSection
	GlobalSection(SolutionProperties) = preSolution
		HideSolutionNode = FALSE
	EndGlobalSection
	GlobalSection(ExtensibilityGlobals) = postSolution
		SolutionGuid = {2DA2F386-C530-4E48-A1A3-9505D49853D1}
	EndGlobalSection
EndGlobal
